
Microsoft Visual Studio Solution File, Format Version 10.00
# Visual Studio 2008
Project("{8BC9CEB8-8B4A-11D0-8D11-00A0C91BC942}") = "UsageEnvironment", "UsageEnvironment\UsageEnvironment.vcproj", "{23C66E68-7F87-4A5F-8E36-04C9A7015DAA}"
EndProject
Project("{8BC9CEB8-8B4A-11D0-8D11-00A0C91BC942}") = "BasicUsageEnvironment", "BasicUsageEnvironment\BasicUsageEnvironment.vcproj", "{046C045B-0E3C-4D97-8E12-2258F77879FB}"
EndProject
Project("{8BC9CEB8-8B4A-11D0-8D11-00A0C91BC942}") = "GroupSock", "Groupsock\Groupsock.vcproj", "{BA4AE178-3099-41F2-AEC3-93BD098EE72E}"
EndProject
Project("{8BC9CEB8-8B4A-11D0-8D11-00A0C91BC942}") = "LiveMedia", "liveMedia\LiveMedia.vcproj", "{7FCB280E-5F15-415B-A2E4-45DCB7D62C14}"
EndProject
Project("{8BC9CEB8-8B4A-11D0-8D11-00A0C91BC942}") = "MediaServer", "MediaServer\MediaServer.vcproj", "{3AA7F853-77B7-4356-ABDD-44AB656C65B4}"
	ProjectSection(ProjectDependencies) = postProject
		{7FCB280E-5F15-415B-A2E4-45DCB7D62C14} = {7FCB280E-5F15-415B-A2E4-45DCB7D62C14}
		{046C045B-0E3C-4D97-8E12-2258F77879FB} = {046C045B-0E3C-4D97-8E12-2258F77879FB}
		{23C66E68-7F87-4A5F-8E36-04C9A7015DAA} = {23C66E68-7F87-4A5F-8E36-04C9A7015DAA}
		{BA4AE178-3099-41F2-AEC3-93BD098EE72E} = {BA4AE178-3099-41F2-AEC3-93BD098EE72E}
	EndProjectSection
EndProject
Project("{8BC9CEB8-8B4A-11D0-8D11-00A0C91BC942}") = "ProxyServer", "ProxyServer\ProxyServer.vcproj", "{306702AA-FC71-4615-A570-27FC167C743A}"
	ProjectSection(ProjectDependencies) = postProject
		{7FCB280E-5F15-415B-A2E4-45DCB7D62C14} = {7FCB280E-5F15-415B-A2E4-45DCB7D62C14}
		{046C045B-0E3C-4D97-8E12-2258F77879FB} = {046C045B-0E3C-4D97-8E12-2258F77879FB}
		{23C66E68-7F87-4A5F-8E36-04C9A7015DAA} = {23C66E68-7F87-4A5F-8E36-04C9A7015DAA}
		{BA4AE178-3099-41F2-AEC3-93BD098EE72E} = {BA4AE178-3099-41F2-AEC3-93BD098EE72E}
	EndProjectSection
EndProject
Project("{8BC9CEB8-8B4A-11D0-8D11-00A0C91BC942}") = "testRTSPClient", "testProgs\testRTSPClient.vcproj", "{4D5E6C05-7B3D-4033-ACDC-126F65482B2D}"
	ProjectSection(ProjectDependencies) = postProject
		{7FCB280E-5F15-415B-A2E4-45DCB7D62C14} = {7FCB280E-5F15-415B-A2E4-45DCB7D62C14}
		{046C045B-0E3C-4D97-8E12-2258F77879FB} = {046C045B-0E3C-4D97-8E12-2258F77879FB}
		{23C66E68-7F87-4A5F-8E36-04C9A7015DAA} = {23C66E68-7F87-4A5F-8E36-04C9A7015DAA}
		{BA4AE178-3099-41F2-AEC3-93BD098EE72E} = {BA4AE178-3099-41F2-AEC3-93BD098EE72E}
	EndProjectSection
EndProject
Global
	GlobalSection(SolutionConfigurationPlatforms) = preSolution
		Debug|Win32 = Debug|Win32
		Debug|x64 = Debug|x64
		Release|Win32 = Release|Win32
		Release|x64 = Release|x64
		RelWithDebInfo|Win32 = RelWithDebInfo|Win32
		RelWithDebInfo|x64 = RelWithDebInfo|x64
	EndGlobalSection
	GlobalSection(ProjectConfigurationPlatforms) = postSolution
		{23C66E68-7F87-4A5F-8E36-04C9A7015DAA}.Debug|Win32.ActiveCfg = Debug|Win32
		{23C66E68-7F87-4A5F-8E36-04C9A7015DAA}.Debug|Win32.Build.0 = Debug|Win32
		{23C66E68-7F87-4A5F-8E36-04C9A7015DAA}.Debug|x64.ActiveCfg = Debug|Win32
		{23C66E68-7F87-4A5F-8E36-04C9A7015DAA}.Release|Win32.ActiveCfg = Release|Win32
		{23C66E68-7F87-4A5F-8E36-04C9A7015DAA}.Release|Win32.Build.0 = Release|Win32
		{23C66E68-7F87-4A5F-8E36-04C9A7015DAA}.Release|x64.ActiveCfg = Release|Win32
		{23C66E68-7F87-4A5F-8E36-04C9A7015DAA}.RelWithDebInfo|Win32.ActiveCfg = RelWithDebInfo|Win32
		{23C66E68-7F87-4A5F-8E36-04C9A7015DAA}.RelWithDebInfo|Win32.Build.0 = RelWithDebInfo|Win32
		{23C66E68-7F87-4A5F-8E36-04C9A7015DAA}.RelWithDebInfo|x64.ActiveCfg = RelWithDebInfo|Win32
		{046C045B-0E3C-4D97-8E12-2258F77879FB}.Debug|Win32.ActiveCfg = Debug|Win32
		{046C045B-0E3C-4D97-8E12-2258F77879FB}.Debug|Win32.Build.0 = Debug|Win32
		{046C045B-0E3C-4D97-8E12-2258F77879FB}.Debug|x64.ActiveCfg = Debug|Win32
		{046C045B-0E3C-4D97-8E12-2258F77879FB}.Release|Win32.ActiveCfg = Release|Win32
		{046C045B-0E3C-4D97-8E12-2258F77879FB}.Release|Win32.Build.0 = Release|Win32
		{046C045B-0E3C-4D97-8E12-2258F77879FB}.Release|x64.ActiveCfg = Release|Win32
		{046C045B-0E3C-4D97-8E12-2258F77879FB}.RelWithDebInfo|Win32.ActiveCfg = RelWithDebInfo|Win32
		{046C045B-0E3C-4D97-8E12-2258F77879FB}.RelWithDebInfo|Win32.Build.0 = RelWithDebInfo|Win32
		{046C045B-0E3C-4D97-8E12-2258F77879FB}.RelWithDebInfo|x64.ActiveCfg = RelWithDebInfo|Win32
		{BA4AE178-3099-41F2-AEC3-93BD098EE72E}.Debug|Win32.ActiveCfg = Debug|Win32
		{BA4AE178-3099-41F2-AEC3-93BD098EE72E}.Debug|Win32.Build.0 = Debug|Win32
		{BA4AE178-3099-41F2-AEC3-93BD098EE72E}.Debug|x64.ActiveCfg = Debug|Win32
		{BA4AE178-3099-41F2-AEC3-93BD098EE72E}.Release|Win32.ActiveCfg = Release|Win32
		{BA4AE178-3099-41F2-AEC3-93BD098EE72E}.Release|Win32.Build.0 = Release|Win32
		{BA4AE178-3099-41F2-AEC3-93BD098EE72E}.Release|x64.ActiveCfg = Release|Win32
		{BA4AE178-3099-41F2-AEC3-93BD098EE72E}.RelWithDebInfo|Win32.ActiveCfg = RelWithDebInfo|Win32
		{BA4AE178-3099-41F2-AEC3-93BD098EE72E}.RelWithDebInfo|Win32.Build.0 = RelWithDebInfo|Win32
		{BA4AE178-3099-41F2-AEC3-93BD098EE72E}.RelWithDebInfo|x64.ActiveCfg = RelWithDebInfo|Win32
		{7FCB280E-5F15-415B-A2E4-45DCB7D62C14}.Debug|Win32.ActiveCfg = Debug|Win32
		{7FCB280E-5F15-415B-A2E4-45DCB7D62C14}.Debug|Win32.Build.0 = Debug|Win32
		{7FCB280E-5F15-415B-A2E4-45DCB7D62C14}.Debug|x64.ActiveCfg = Debug|Win32
		{7FCB280E-5F15-415B-A2E4-45DCB7D62C14}.Release|Win32.ActiveCfg = Release|Win32
		{7FCB280E-5F15-415B-A2E4-45DCB7D62C14}.Release|Win32.Build.0 = Release|Win32
		{7FCB280E-5F15-415B-A2E4-45DCB7D62C14}.Release|x64.ActiveCfg = Release|Win32
		{7FCB280E-5F15-415B-A2E4-45DCB7D62C14}.RelWithDebInfo|Win32.ActiveCfg = RelWithDebInfo|Win32
		{7FCB280E-5F15-415B-A2E4-45DCB7D62C14}.RelWithDebInfo|Win32.Build.0 = RelWithDebInfo|Win32
		{7FCB280E-5F15-415B-A2E4-45DCB7D62C14}.RelWithDebInfo|x64.ActiveCfg = RelWithDebInfo|Win32
		{3AA7F853-77B7-4356-ABDD-44AB656C65B4}.Debug|Win32.ActiveCfg = Debug|Win32
		{3AA7F853-77B7-4356-ABDD-44AB656C65B4}.Debug|Win32.Build.0 = Debug|Win32
		{3AA7F853-77B7-4356-ABDD-44AB656C65B4}.Debug|x64.ActiveCfg = Debug|Win32
		{3AA7F853-77B7-4356-ABDD-44AB656C65B4}.Release|Win32.ActiveCfg = Release|Win32
		{3AA7F853-77B7-4356-ABDD-44AB656C65B4}.Release|Win32.Build.0 = Release|Win32
		{3AA7F853-77B7-4356-ABDD-44AB656C65B4}.Release|x64.ActiveCfg = Release|Win32
		{3AA7F853-77B7-4356-ABDD-44AB656C65B4}.RelWithDebInfo|Win32.ActiveCfg = RelWithDebInfo|Win32
		{3AA7F853-77B7-4356-ABDD-44AB656C65B4}.RelWithDebInfo|Win32.Build.0 = RelWithDebInfo|Win32
		{3AA7F853-77B7-4356-ABDD-44AB656C65B4}.RelWithDebInfo|x64.ActiveCfg = RelWithDebInfo|Win32
		{306702AA-FC71-4615-A570-27FC167C743A}.Debug|Win32.ActiveCfg = Debug|Win32
		{306702AA-FC71-4615-A570-27FC167C743A}.Debug|Win32.Build.0 = Debug|Win32
		{306702AA-FC71-4615-A570-27FC167C743A}.Debug|x64.ActiveCfg = Debug|Win32
		{306702AA-FC71-4615-A570-27FC167C743A}.Release|Win32.ActiveCfg = Release|Win32
		{306702AA-FC71-4615-A570-27FC167C743A}.Release|Win32.Build.0 = Release|Win32
		{306702AA-FC71-4615-A570-27FC167C743A}.Release|x64.ActiveCfg = Release|Win32
		{306702AA-FC71-4615-A570-27FC167C743A}.RelWithDebInfo|Win32.ActiveCfg = RelWithDebInfo|Win32
		{306702AA-FC71-4615-A570-27FC167C743A}.RelWithDebInfo|Win32.Build.0 = RelWithDebInfo|Win32
		{306702AA-FC71-4615-A570-27FC167C743A}.RelWithDebInfo|x64.ActiveCfg = RelWithDebInfo|Win32
		{4D5E6C05-7B3D-4033-ACDC-126F65482B2D}.Debug|Win32.ActiveCfg = Debug|Win32
		{4D5E6C05-7B3D-4033-ACDC-126F65482B2D}.Debug|Win32.Build.0 = Debug|Win32
		{4D5E6C05-7B3D-4033-ACDC-126F65482B2D}.Debug|x64.ActiveCfg = Debug|Win32
		{4D5E6C05-7B3D-4033-ACDC-126F65482B2D}.Release|Win32.ActiveCfg = Release|Win32
		{4D5E6C05-7B3D-4033-ACDC-126F65482B2D}.Release|Win32.Build.0 = Release|Win32
		{4D5E6C05-7B3D-4033-ACDC-126F65482B2D}.Release|x64.ActiveCfg = Release|Win32
		{4D5E6C05-7B3D-4033-ACDC-126F65482B2D}.RelWithDebInfo|Win32.ActiveCfg = RelWithDebInfo|Win32
		{4D5E6C05-7B3D-4033-ACDC-126F65482B2D}.RelWithDebInfo|Win32.Build.0 = RelWithDebInfo|Win32
		{4D5E6C05-7B3D-4033-ACDC-126F65482B2D}.RelWithDebInfo|x64.ActiveCfg = RelWithDebInfo|Win32
	EndGlobalSection
	GlobalSection(SolutionProperties) = preSolution
		HideSolutionNode = FALSE
	EndGlobalSection
EndGlobal
